
Microsoft Visual Studio Solution File, Format Version 9.00
# Visual Studio 2005
Project("{8BC9CEB8-8B4A-11D0-8D11-00A0C91BC942}") = "msvc", "msvc.vcproj", "{8F932163-FDA0-49A4-BD95-DED64C37BBB3}"
EndProject
Global
	GlobalSection(SolutionConfigurationPlatforms) = preSolution
		Debug|Win32 = Debug|Win32
		Release|Win32 = Release|Win32
	EndGlobalSection
	GlobalSection(ProjectConfigurationPlatforms) = postSolution
		{8F932163-FDA0-49A4-BD95-DED64C37BBB3}.Debug|Win32.ActiveCfg = Debug|Win32
		{8F932163-FDA0-49A4-BD95-DED64C37BBB3}.Debug|Win32.Build.0 = Debug|Win32
		{8F932163-FDA0-49A4-BD95-DED64C37BBB3}.Release|Win32.ActiveCfg = Release|Win32
		{8F932163-FDA0-49A4-BD95-DED64C37BBB3}.Release|Win32.Build.0 = Release|Win32
	EndGlobalSection
	GlobalSection(SolutionProperties) = preSolution
		HideSolutionNode = FALSE
	EndGlobalSection
EndGlobal
